
Microsoft Visual Studio Solution File, Format Version 12.00
# Visual Studio Version 17
VisualStudioVersion = 17.0.32014.148
MinimumVisualStudioVersion = 10.0.40219.1
Project("{9A19103F-16F7-4668-BE54-9A1E7A4F7556}") = "Personate", "Personate\Personate.csproj", "{86410EB4-D03A-4A99-9344-E45E5C841CB6}"
EndProject
Project("{9A19103F-16F7-4668-BE54-9A1E7A4F7556}") = "TBStyler", "TBStyler\TBStyler.csproj", "{08515ADB-2AB1-4521-BBC5-CF0F0A2D28EB}"
EndProject
Project("{9A19103F-16F7-4668-BE54-9A1E7A4F7556}") = "Personate.Settings", "Personate.Settings\Personate.Settings.csproj", "{06DFD0BD-2D9C-4BBE-B1DD-2EEABF380649}"
EndProject
Global
	GlobalSection(SolutionConfigurationPlatforms) = preSolution
		Debug|Any CPU = Debug|Any CPU
		Debug|ARM = Debug|ARM
		Debug|ARM64 = Debug|ARM64
		Debug|x64 = Debug|x64
		Debug|x86 = Debug|x86
		Release|Any CPU = Release|Any CPU
		Release|ARM = Release|ARM
		Release|ARM64 = Release|ARM64
		Release|x64 = Release|x64
		Release|x86 = Release|x86
	EndGlobalSection
	GlobalSection(ProjectConfigurationPlatforms) = postSolution
		{86410EB4-D03A-4A99-9344-E45E5C841CB6}.Debug|Any CPU.ActiveCfg = Debug|Any CPU
		{86410EB4-D03A-4A99-9344-E45E5C841CB6}.Debug|Any CPU.Build.0 = Debug|Any CPU
		{86410EB4-D03A-4A99-9344-E45E5C841CB6}.Debug|ARM.ActiveCfg = Debug|Any CPU
		{86410EB4-D03A-4A99-9344-E45E5C841CB6}.Debug|ARM.Build.0 = Debug|Any CPU
		{86410EB4-D03A-4A99-9344-E45E5C841CB6}.Debug|ARM64.ActiveCfg = Debug|Any CPU
		{86410EB4-D03A-4A99-9344-E45E5C841CB6}.Debug|ARM64.Build.0 = Debug|Any CPU
		{86410EB4-D03A-4A99-9344-E45E5C841CB6}.Debug|x64.ActiveCfg = Debug|Any CPU
		{86410EB4-D03A-4A99-9344-E45E5C841CB6}.Debug|x64.Build.0 = Debug|Any CPU
		{86410EB4-D03A-4A99-9344-E45E5C841CB6}.Debug|x86.ActiveCfg = Debug|Any CPU
		{86410EB4-D03A-4A99-9344-E45E5C841CB6}.Debug|x86.Build.0 = Debug|Any CPU
		{86410EB4-D03A-4A99-9344-E45E5C841CB6}.Release|Any CPU.ActiveCfg = Release|Any CPU
		{86410EB4-D03A-4A99-9344-E45E5C841CB6}.Release|Any CPU.Build.0 = Release|Any CPU
		{86410EB4-D03A-4A99-9344-E45E5C841CB6}.Release|ARM.ActiveCfg = Release|Any CPU
		{86410EB4-D03A-4A99-9344-E45E5C841CB6}.Release|ARM.Build.0 = Release|Any CPU
		{86410EB4-D03A-4A99-9344-E45E5C841CB6}.Release|ARM64.ActiveCfg = Release|Any CPU
		{86410EB4-D03A-4A99-9344-E45E5C841CB6}.Release|ARM64.Build.0 = Release|Any CPU
		{86410EB4-D03A-4A99-9344-E45E5C841CB6}.Release|x64.ActiveCfg = Release|Any CPU
		{86410EB4-D03A-4A99-9344-E45E5C841CB6}.Release|x64.Build.0 = Release|Any CPU
		{86410EB4-D03A-4A99-9344-E45E5C841CB6}.Release|x86.ActiveCfg = Release|Any CPU
		{86410EB4-D03A-4A99-9344-E45E5C841CB6}.Release|x86.Build.0 = Release|Any CPU
		{08515ADB-2AB1-4521-BBC5-CF0F0A2D28EB}.Debug|Any CPU.ActiveCfg = Debug|Any CPU
		{08515ADB-2AB1-4521-BBC5-CF0F0A2D28EB}.Debug|Any CPU.Build.0 = Debug|Any CPU
		{08515ADB-2AB1-4521-BBC5-CF0F0A2D28EB}.Debug|ARM.ActiveCfg = Debug|Any CPU
		{08515ADB-2AB1-4521-BBC5-CF0F0A2D28EB}.Debug|ARM.Build.0 = Debug|Any CPU
		{08515ADB-2AB1-4521-BBC5-CF0F0A2D28EB}.Debug|ARM64.ActiveCfg = Debug|Any CPU
		{08515ADB-2AB1-4521-BBC5-CF0F0A2D28EB}.Debug|ARM64.Build.0 = Debug|Any CPU
		{08515ADB-2AB1-4521-BBC5-CF0F0A2D28EB}.Debug|x64.ActiveCfg = Debug|Any CPU
		{08515ADB-2AB1-4521-BBC5-CF0F0A2D28EB}.Debug|x64.Build.0 = Debug|Any CPU
		{08515ADB-2AB1-4521-BBC5-CF0F0A2D28EB}.Debug|x86.ActiveCfg = Debug|Any CPU
		{08515ADB-2AB1-4521-BBC5-CF0F0A2D28EB}.Debug|x86.Build.0 = Debug|Any CPU
		{08515ADB-2AB1-4521-BBC5-CF0F0A2D28EB}.Release|Any CPU.ActiveCfg = Release|Any CPU
		{08515ADB-2AB1-4521-BBC5-CF0F0A2D28EB}.Release|Any CPU.Build.0 = Release|Any CPU
		{08515ADB-2AB1-4521-BBC5-CF0F0A2D28EB}.Release|ARM.ActiveCfg = Release|Any CPU
		{08515ADB-2AB1-4521-BBC5-CF0F0A2D28EB}.Release|ARM.Build.0 = Release|Any CPU
		{08515ADB-2AB1-4521-BBC5-CF0F0A2D28EB}.Release|ARM64.ActiveCfg = Release|Any CPU
		{08515ADB-2AB1-4521-BBC5-CF0F0A2D28EB}.Release|ARM64.Build.0 = Release|Any CPU
		{08515ADB-2AB1-4521-BBC5-CF0F0A2D28EB}.Release|x64.ActiveCfg = Release|Any CPU
		{08515ADB-2AB1-4521-BBC5-CF0F0A2D28EB}.Release|x64.Build.0 = Release|Any CPU
		{08515ADB-2AB1-4521-BBC5-CF0F0A2D28EB}.Release|x86.ActiveCfg = Release|Any CPU
		{08515ADB-2AB1-4521-BBC5-CF0F0A2D28EB}.Release|x86.Build.0 = Release|Any CPU
		{06DFD0BD-2D9C-4BBE-B1DD-2EEABF380649}.Debug|Any CPU.ActiveCfg = Debug|Any CPU
		{06DFD0BD-2D9C-4BBE-B1DD-2EEABF380649}.Debug|Any CPU.Build.0 = Debug|Any CPU
		{06DFD0BD-2D9C-4BBE-B1DD-2EEABF380649}.Debug|ARM.ActiveCfg = Debug|Any CPU
		{06DFD0BD-2D9C-4BBE-B1DD-2EEABF380649}.Debug|ARM.Build.0 = Debug|Any CPU
		{06DFD0BD-2D9C-4BBE-B1DD-2EEABF380649}.Debug|ARM64.ActiveCfg = Debug|Any CPU
		{06DFD0BD-2D9C-4BBE-B1DD-2EEABF380649}.Debug|ARM64.Build.0 = Debug|Any CPU
		{06DFD0BD-2D9C-4BBE-B1DD-2EEABF380649}.Debug|x64.ActiveCfg = Debug|Any CPU
		{06DFD0BD-2D9C-4BBE-B1DD-2EEABF380649}.Debug|x64.Build.0 = Debug|Any CPU
		{06DFD0BD-2D9C-4BBE-B1DD-2EEABF380649}.Debug|x86.ActiveCfg = Debug|Any CPU
		{06DFD0BD-2D9C-4BBE-B1DD-2EEABF380649}.Debug|x86.Build.0 = Debug|Any CPU
		{06DFD0BD-2D9C-4BBE-B1DD-2EEABF380649}.Release|Any CPU.ActiveCfg = Release|Any CPU
		{06DFD0BD-2D9C-4BBE-B1DD-2EEABF380649}.Release|Any CPU.Build.0 = Release|Any CPU
		{06DFD0BD-2D9C-4BBE-B1DD-2EEABF380649}.Release|ARM.ActiveCfg = Release|Any CPU
		{06DFD0BD-2D9C-4BBE-B1DD-2EEABF380649}.Release|ARM.Build.0 = Release|Any CPU
		{06DFD0BD-2D9C-4BBE-B1DD-2EEABF380649}.Release|ARM64.ActiveCfg = Release|Any CPU
		{06DFD0BD-2D9C-4BBE-B1DD-2EEABF380649}.Release|ARM64.Build.0 = Release|Any CPU
		{06DFD0BD-2D9C-4BBE-B1DD-2EEABF380649}.Release|x64.ActiveCfg = Release|Any CPU
		{06DFD0BD-2D9C-4BBE-B1DD-2EEABF380649}.Release|x64.Build.0 = Release|Any CPU
		{06DFD0BD-2D9C-4BBE-B1DD-2EEABF380649}.Release|x86.ActiveCfg = Release|Any CPU
		{06DFD0BD-2D9C-4BBE-B1DD-2EEABF380649}.Release|x86.Build.0 = Release|Any CPU
	EndGlobalSection
	GlobalSection(SolutionProperties) = preSolution
		HideSolutionNode = FALSE
	EndGlobalSection
	GlobalSection(ExtensibilityGlobals) = postSolution
		SolutionGuid = {C6B21FCB-0778-44B2-9AE2-BD5FC347FB36}
	EndGlobalSection
EndGlobal
